{
  "pins" : [
    {
      "identity" : "cloudinary_ios",
      "kind" : "remoteSourceControl",
      "location" : "https://github.com/cloudinary/cloudinary_ios.git",
      "state" : {
        "branch" : "master",
        "revision" : "26d2c43324c623d2495a6c127d1a8da1549370ce"
      }
    }
  ],
  "version" : 2
}
